
Microsoft Visual Studio Solution File, Format Version 12.00
# Visual Studio Version 16
VisualStudioVersion = 16.0.31729.503
MinimumVisualStudioVersion = 10.0.40219.1
Project("{FAE04EC0-301F-11D3-BF4B-00C04F79EFBC}") = "Project A", "Project A\Project A.csproj", "{8E9612D3-D14D-42CE-8CEE-A237EBA43EA3}"
EndProject
Global
	GlobalSection(SolutionConfigurationPlatforms) = preSolution
		Debug|Any CPU = Debug|Any CPU
		Release|Any CPU = Release|Any CPU
	EndGlobalSection
	GlobalSection(ProjectConfigurationPlatforms) = postSolution
		{8E9612D3-D14D-42CE-8CEE-A237EBA43EA3}.Debug|Any CPU.ActiveCfg = Debug|Any CPU
		{8E9612D3-D14D-42CE-8CEE-A237EBA43EA3}.Debug|Any CPU.Build.0 = Debug|Any CPU
		{8E9612D3-D14D-42CE-8CEE-A237EBA43EA3}.Release|Any CPU.ActiveCfg = Release|Any CPU
		{8E9612D3-D14D-42CE-8CEE-A237EBA43EA3}.Release|Any CPU.Build.0 = Release|Any CPU
	EndGlobalSection
	GlobalSection(SolutionProperties) = preSolution
		HideSolutionNode = FALSE
	EndGlobalSection
	GlobalSection(ExtensibilityGlobals) = postSolution
		SolutionGuid = {7BE9A335-936C-41D7-AE79-DD1C9A7E1C06}
	EndGlobalSection
EndGlobal
